
Microsoft Visual Studio Solution File, Format Version 12.00
Project("{FAE04EC0-301F-11D3-BF4B-00C04F79EFBC}") = "Film-info", "Film-info\Film-info.csproj", "{DF7437A8-D212-493D-BB80-1D9FBF53DFD5}"
EndProject
Global
	GlobalSection(SolutionConfigurationPlatforms) = preSolution
		Debug|Any CPU = Debug|Any CPU
		Release|Any CPU = Release|Any CPU
	EndGlobalSection
	GlobalSection(ProjectConfigurationPlatforms) = postSolution
		{DF7437A8-D212-493D-BB80-1D9FBF53DFD5}.Debug|Any CPU.ActiveCfg = Debug|Any CPU
		{DF7437A8-D212-493D-BB80-1D9FBF53DFD5}.Debug|Any CPU.Build.0 = Debug|Any CPU
		{DF7437A8-D212-493D-BB80-1D9FBF53DFD5}.Release|Any CPU.ActiveCfg = Release|Any CPU
		{DF7437A8-D212-493D-BB80-1D9FBF53DFD5}.Release|Any CPU.Build.0 = Release|Any CPU
	EndGlobalSection
EndGlobal
